// !$*UTF8*$!
{
	archiveVersion = 1;
	classes = {
	};
	objectVersion = 77;
	objects = {

/* Begin PBXContainerItemProxy section */
		9ED05A802E00F12D007AE2F9 /* PBXContainerItemProxy */ = {
			isa = PBXContainerItemProxy;
			containerPortal = 9ED05A672E00F126007AE2F9 /* Project object */;
			proxyType = 1;
			remoteGlobalIDString = 9ED05A6E2E00F126007AE2F9;
			remoteInfo = "Cinema-Tickets";
		};
		9ED05A8A2E00F12D007AE2F9 /* PBXContainerItemProxy */ = {
			isa = PBXContainerItemProxy;
			containerPortal = 9ED05A672E00F126007AE2F9 /* Project object */;
			proxyType = 1;
			remoteGlobalIDString = 9ED05A6E2E00F126007AE2F9;
			remoteInfo = "Cinema-Tickets";
		};
/* End PBXContainerItemProxy section */

/* Begin PBXFileReference section */
		9ED05A6F2E00F126007AE2F9 /* Cinema-Tickets.app */ = {isa = PBXFileReference; explicitFileType = wrapper.application; includeInIndex = 0; path = "Cinema-Tickets.app"; sourceTree = BUILT_PRODUCTS_DIR; };
		9ED05A7F2E00F12D007AE2F9 /* Cinema-TicketsTests.xctest */ = {isa = PBXFileReference; explicitFileType = wrapper.cfbundle; includeInIndex = 0; path = "Cinema-TicketsTests.xctest"; sourceTree = BUILT_PRODUCTS_DIR; };
		9ED05A892E00F12D007AE2F9 /* Cinema-TicketsUITests.xctest */ = {isa = PBXFileReference; explicitFileType = wrapper.cfbundle; includeInIndex = 0; path = "Cinema-TicketsUITests.xctest"; sourceTree = BUILT_PRODUCTS_DIR; };
/* End PBXFileReference section */

/* Begin PBXFileSystemSynchronizedRootGroup section */
		9ED05A712E00F126007AE2F9 /* Cinema-Tickets */ = {
			isa = PBXFileSystemSynchronizedRootGroup;
			path = "Cinema-Tickets";
			sourceTree = "<group>";
		};
		9ED05A822E00F12D007AE2F9 /* Cinema-TicketsTests */ = {
			isa = PBXFileSystemSynchronizedRootGroup;
			path = "Cinema-TicketsTests";
			sourceTree = "<group>";
		};
		9ED05A8C2E00F12D007AE2F9 /* Cinema-TicketsUITests */ = {
			isa = PBXFileSystemSynchronizedRootGroup;
			path = "Cinema-TicketsUITests";
			sourceTree = "<group>";
		};
/* End PBXFileSystemSynchronizedRootGroup section */

/* Begin PBXFrameworksBuildPhase section */
		9ED05A6C2E00F126007AE2F9 /* Frameworks */ = {
			isa = PBXFrameworksBuildPhase;
			buildActionMask = 2147483647;
			files = (
			);
			runOnlyForDeploymentPostprocessing = 0;
		};
		9ED05A7C2E00F12D007AE2F9 /* Frameworks */ = {
			isa = PBXFrameworksBuildPhase;
			buildActionMask = 2147483647;
			files = (
			);
			runOnlyForDeploymentPostprocessing = 0;
		};
		9ED05A862E00F12D007AE2F9 /* Frameworks */ = {
			isa = PBXFrameworksBuildPhase;
			buildActionMask = 2147483647;
			files = (
			);
			runOnlyForDeploymentPostprocessing = 0;
		};
/* End PBXFrameworksBuildPhase section */

/* Begin PBXGroup section */
		9ED05A662E00F126007AE2F9 = {
			isa = PBXGroup;
			children = (
				9ED05A712E00F126007AE2F9 /* Cinema-Tickets */,
				9ED05A822E00F12D007AE2F9 /* Cinema-TicketsTests */,
				9ED05A8C2E00F12D007AE2F9 /* Cinema-TicketsUITests */,
				9ED05A702E00F126007AE2F9 /* Products */,
			);
			sourceTree = "<group>";
		};
		9ED05A702E00F126007AE2F9 /* Products */ = {
			isa = PBXGroup;
			children = (
				9ED05A6F2E00F126007AE2F9 /* Cinema-Tickets.app */,
				9ED05A7F2E00F12D007AE2F9 /* Cinema-TicketsTests.xctest */,
				9ED05A892E00F12D007AE2F9 /* Cinema-TicketsUITests.xctest */,
			);
			name = Products;
			sourceTree = "<group>";
		};
/* End PBXGroup section */

/* Begin PBXNativeTarget section */
		9ED05A6E2E00F126007AE2F9 /* Cinema-Tickets */ = {
			isa = PBXNativeTarget;
			buildConfigurationList = 9ED05A932E00F12D007AE2F9 /* Build configuration list for PBXNativeTarget "Cinema-Tickets" */;
			buildPhases = (
				9ED05A6B2E00F126007AE2F9 /* Sources */,
				9ED05A6C2E00F126007AE2F9 /* Frameworks */,
				9ED05A6D2E00F126007AE2F9 /* Resources */,
			);
			buildRules = (
			);
			dependencies = (
			);
			fileSystemSynchronizedGroups = (
				9ED05A712E00F126007AE2F9 /* Cinema-Tickets */,
			);
			name = "Cinema-Tickets";
			packageProductDependencies = (
			);
			productName = "Cinema-Tickets";
			productReference = 9ED05A6F2E00F126007AE2F9 /* Cinema-Tickets.app */;
			productType = "com.apple.product-type.application";
		};
		9ED05A7E2E00F12D007AE2F9 /* Cinema-TicketsTests */ = {
			isa = PBXNativeTarget;
			buildConfigurationList = 9ED05A962E00F12D007AE2F9 /* Build configuration list for PBXNativeTarget "Cinema-TicketsTests" */;
			buildPhases = (
				9ED05A7B2E00F12D007AE2F9 /* Sources */,
				9ED05A7C2E00F12D007AE2F9 /* Frameworks */,
				9ED05A7D2E00F12D007AE2F9 /* Resources */,
			);
			buildRules = (
			);
			dependencies = (
				9ED05A812E00F12D007AE2F9 /* PBXTargetDependency */,
			);
			fileSystemSynchronizedGroups = (
				9ED05A822E00F12D007AE2F9 /* Cinema-TicketsTests */,
			);
			name = "Cinema-TicketsTests";
			packageProductDependencies = (
			);
			productName = "Cinema-TicketsTests";
			productReference = 9ED05A7F2E00F12D007AE2F9 /* Cinema-TicketsTests.xctest */;
			productType = "com.apple.product-type.bundle.unit-test";
		};
		9ED05A882E00F12D007AE2F9 /* Cinema-TicketsUITests */ = {
			isa = PBXNativeTarget;
			buildConfigurationList = 9ED05A992E00F12D007AE2F9 /* Build configuration list for PBXNativeTarget "Cinema-TicketsUITests" */;
			buildPhases = (
				9ED05A852E00F12D007AE2F9 /* Sources */,
				9ED05A862E00F12D007AE2F9 /* Frameworks */,
				9ED05A872E00F12D007AE2F9 /* Resources */,
			);
			buildRules = (
			);
			dependencies = (
				9ED05A8B2E00F12D007AE2F9 /* PBXTargetDependency */,
			);
			fileSystemSynchronizedGroups = (
				9ED05A8C2E00F12D007AE2F9 /* Cinema-TicketsUITests */,
			);
			name = "Cinema-TicketsUITests";
			packageProductDependencies = (
			);
			productName = "Cinema-TicketsUITests";
			productReference = 9ED05A892E00F12D007AE2F9 /* Cinema-TicketsUITests.xctest */;
			productType = "com.apple.product-type.bundle.ui-testing";
		};
/* End PBXNativeTarget section */

/* Begin PBXProject section */
		9ED05A672E00F126007AE2F9 /* Project object */ = {
			isa = PBXProject;
			attributes = {
				BuildIndependentTargetsInParallel = 1;
				LastSwiftUpdateCheck = 1620;
				LastUpgradeCheck = 1620;
				TargetAttributes = {
					9ED05A6E2E00F126007AE2F9 = {
						CreatedOnToolsVersion = 16.2;
					};
					9ED05A7E2E00F12D007AE2F9 = {
						CreatedOnToolsVersion = 16.2;
						TestTargetID = 9ED05A6E2E00F126007AE2F9;
					};
					9ED05A882E00F12D007AE2F9 = {
						CreatedOnToolsVersion = 16.2;
						TestTargetID = 9ED05A6E2E00F126007AE2F9;
					};
				};
			};
			buildConfigurationList = 9ED05A6A2E00F126007AE2F9 /* Build configuration list for PBXProject "Cinema-Tickets" */;
			developmentRegion = en;
			hasScannedForEncodings = 0;
			knownRegions = (
				en,
				Base,
			);
			mainGroup = 9ED05A662E00F126007AE2F9;
			minimizedProjectReferenceProxies = 1;
			preferredProjectObjectVersion = 77;
			productRefGroup = 9ED05A702E00F126007AE2F9 /* Products */;
			projectDirPath = "";
			projectRoot = "";
			targets = (
				9ED05A6E2E00F126007AE2F9 /* Cinema-Tickets */,
				9ED05A7E2E00F12D007AE2F9 /* Cinema-TicketsTests */,
				9ED05A882E00F12D007AE2F9 /* Cinema-TicketsUITests */,
			);
		};
/* End PBXProject section */

/* Begin PBXResourcesBuildPhase section */
		9ED05A6D2E00F126007AE2F9 /* Resources */ = {
			isa = PBXResourcesBuildPhase;
			buildActionMask = 2147483647;
			files = (
			);
			runOnlyForDeploymentPostprocessing = 0;
		};
		9ED05A7D2E00F12D007AE2F9 /* Resources */ = {
			isa = PBXResourcesBuildPhase;
			buildActionMask = 2147483647;
			files = (
			);
			runOnlyForDeploymentPostprocessing = 0;
		};
		9ED05A872E00F12D007AE2F9 /* Resources */ = {
			isa = PBXResourcesBuildPhase;
			buildActionMask = 2147483647;
			files = (
			);
			runOnlyForDeploymentPostprocessing = 0;
		};
/* End PBXResourcesBuildPhase section */

/* Begin PBXSourcesBuildPhase section */
		9ED05A6B2E00F126007AE2F9 /* Sources */ = {
			isa = PBXSourcesBuildPhase;
			buildActionMask = 2147483647;
			files = (
			);
			runOnlyForDeploymentPostprocessing = 0;
		};
		9ED05A7B2E00F12D007AE2F9 /* Sources */ = {
			isa = PBXSourcesBuildPhase;
			buildActionMask = 2147483647;
			files = (
			);
			runOnlyForDeploymentPostprocessing = 0;
		};
		9ED05A852E00F12D007AE2F9 /* Sources */ = {
			isa = PBXSourcesBuildPhase;
			buildActionMask = 2147483647;
			files = (
			);
			runOnlyForDeploymentPostprocessing = 0;
		};
/* End PBXSourcesBuildPhase section */

/* Begin PBXTargetDependency section */
		9ED05A812E00F12D007AE2F9 /* PBXTargetDependency */ = {
			isa = PBXTargetDependency;
			target = 9ED05A6E2E00F126007AE2F9 /* Cinema-Tickets */;
			targetProxy = 9ED05A802E00F12D007AE2F9 /* PBXContainerItemProxy */;
		};
		9ED05A8B2E00F12D007AE2F9 /* PBXTargetDependency */ = {
			isa = PBXTargetDependency;
			target = 9ED05A6E2E00F126007AE2F9 /* Cinema-Tickets */;
			targetProxy = 9ED05A8A2E00F12D007AE2F9 /* PBXContainerItemProxy */;
		};
/* End PBXTargetDependency section */

/* Begin XCBuildConfiguration section */
		9ED05A912E00F12D007AE2F9 /* Debug */ = {
			isa = XCBuildConfiguration;
			buildSettings = {
				ALWAYS_SEARCH_USER_PATHS = NO;
				ASSETCATALOG_COMPILER_GENERATE_SWIFT_ASSET_SYMBOL_EXTENSIONS = YES;
				CLANG_ANALYZER_NONNULL = YES;
				CLANG_ANALYZER_NUMBER_OBJECT_CONVERSION = YES_AGGRESSIVE;
				CLANG_CXX_LANGUAGE_STANDARD = "gnu++20";
				CLANG_ENABLE_MODULES = YES;
				CLANG_ENABLE_OBJC_ARC = YES;
				CLANG_ENABLE_OBJC_WEAK = YES;
				CLANG_WARN_BLOCK_CAPTURE_AUTORELEASING = YES;
				CLANG_WARN_BOOL_CONVERSION = YES;
				CLANG_WARN_COMMA = YES;
				CLANG_WARN_CONSTANT_CONVERSION = YES;
				CLANG_WARN_DEPRECATED_OBJC_IMPLEMENTATIONS = YES;
				CLANG_WARN_DIRECT_OBJC_ISA_USAGE = YES_ERROR;
				CLANG_WARN_DOCUMENTATION_COMMENTS = YES;
				CLANG_WARN_EMPTY_BODY = YES;
				CLANG_WARN_ENUM_CONVERSION = YES;
				CLANG_WARN_INFINITE_RECURSION = YES;
				CLANG_WARN_INT_CONVERSION = YES;
				CLANG_WARN_NON_LITERAL_NULL_CONVERSION = YES;
				CLANG_WARN_OBJC_IMPLICIT_RETAIN_SELF = YES;
				CLANG_WARN_OBJC_LITERAL_CONVERSION = YES;
				CLANG_WARN_OBJC_ROOT_CLASS = YES_ERROR;
				CLANG_WARN_QUOTED_INCLUDE_IN_FRAMEWORK_HEADER = YES;
				CLANG_WARN_RANGE_LOOP_ANALYSIS = YES;
				CLANG_WARN_STRICT_PROTOTYPES = YES;
				CLANG_WARN_SUSPICIOUS_MOVE = YES;
				CLANG_WARN_UNGUARDED_AVAILABILITY = YES_AGGRESSIVE;
				CLANG_WARN_UNREACHABLE_CODE = YES;
				CLANG_WARN__DUPLICATE_METHOD_MATCH = YES;
				COPY_PHASE_STRIP = NO;
				DEBUG_INFORMATION_FORMAT = dwarf;
				ENABLE_STRICT_OBJC_MSGSEND = YES;
				ENABLE_TESTABILITY = YES;
				ENABLE_USER_SCRIPT_SANDBOXING = YES;
				GCC_C_LANGUAGE_STANDARD = gnu17;
				GCC_DYNAMIC_NO_PIC = NO;
				GCC_NO_COMMON_BLOCKS = YES;
				GCC_OPTIMIZATION_LEVEL = 0;
				GCC_PREPROCESSOR_DEFINITIONS = (
					"DEBUG=1",
					"$(inherited)",
				);
				GCC_WARN_64_TO_32_BIT_CONVERSION = YES;
				GCC_WARN_ABOUT_RETURN_TYPE = YES_ERROR;
				GCC_WARN_UNDECLARED_SELECTOR = YES;
				GCC_WARN_UNINITIALIZED_AUTOS = YES_AGGRESSIVE;
				GCC_WARN_UNUSED_FUNCTION = YES;
				GCC_WARN_UNUSED_VARIABLE = YES;
				IPHONEOS_DEPLOYMENT_TARGET = 18.2;
				LOCALIZATION_PREFERS_STRING_CATALOGS = YES;
				MTL_ENABLE_DEBUG_INFO = INCLUDE_SOURCE;
				MTL_FAST_MATH = YES;
				ONLY_ACTIVE_ARCH = YES;
				SDKROOT = iphoneos;
				SWIFT_ACTIVE_COMPILATION_CONDITIONS = "DEBUG $(inherited)";
				SWIFT_OPTIMIZATION_LEVEL = "-Onone";
			};
			name = Debug;
		};
		9ED05A922E00F12D007AE2F9 /* Release */ = {
			isa = XCBuildConfiguration;
			buildSettings = {
				ALWAYS_SEARCH_USER_PATHS = NO;
				ASSETCATALOG_COMPILER_GENERATE_SWIFT_ASSET_SYMBOL_EXTENSIONS = YES;
				CLANG_ANALYZER_NONNULL = YES;
				CLANG_ANALYZER_NUMBER_OBJECT_CONVERSION = YES_AGGRESSIVE;
				CLANG_CXX_LANGUAGE_STANDARD = "gnu++20";
				CLANG_ENABLE_MODULES = YES;
				CLANG_ENABLE_OBJC_ARC = YES;
				CLANG_ENABLE_OBJC_WEAK = YES;
				CLANG_WARN_BLOCK_CAPTURE_AUTORELEASING = YES;
				CLANG_WARN_BOOL_CONVERSION = YES;
				CLANG_WARN_COMMA = YES;
				CLANG_WARN_CONSTANT_CONVERSION = YES;
				CLANG_WARN_DEPRECATED_OBJC_IMPLEMENTATIONS = YES;
				CLANG_WARN_DIRECT_OBJC_ISA_USAGE = YES_ERROR;
				CLANG_WARN_DOCUMENTATION_COMMENTS = YES;
				CLANG_WARN_EMPTY_BODY = YES;
				CLANG_WARN_ENUM_CONVERSION = YES;
				CLANG_WARN_INFINITE_RECURSION = YES;
				CLANG_WARN_INT_CONVERSION = YES;
				CLANG_WARN_NON_LITERAL_NULL_CONVERSION = YES;
				CLANG_WARN_OBJC_IMPLICIT_RETAIN_SELF = YES;
				CLANG_WARN_OBJC_LITERAL_CONVERSION = YES;
				CLANG_WARN_OBJC_ROOT_CLASS = YES_ERROR;
				CLANG_WARN_QUOTED_INCLUDE_IN_FRAMEWORK_HEADER = YES;
				CLANG_WARN_RANGE_LOOP_ANALYSIS = YES;
				CLANG_WARN_STRICT_PROTOTYPES = YES;
				CLANG_WARN_SUSPICIOUS_MOVE = YES;
				CLANG_WARN_UNGUARDED_AVAILABILITY = YES_AGGRESSIVE;
				CLANG_WARN_UNREACHABLE_CODE = YES;
				CLANG_WARN__DUPLICATE_METHOD_MATCH = YES;
				COPY_PHASE_STRIP = NO;
				DEBUG_INFORMATION_FORMAT = "dwarf-with-dsym";
				ENABLE_NS_ASSERTIONS = NO;
				ENABLE_STRICT_OBJC_MSGSEND = YES;
				ENABLE_USER_SCRIPT_SANDBOXING = YES;
				GCC_C_LANGUAGE_STANDARD = gnu17;
				GCC_NO_COMMON_BLOCKS = YES;
				GCC_WARN_64_TO_32_BIT_CONVERSION = YES;
				GCC_WARN_ABOUT_RETURN_TYPE = YES_ERROR;
				GCC_WARN_UNDECLARED_SELECTOR = YES;
				GCC_WARN_UNINITIALIZED_AUTOS = YES_AGGRESSIVE;
				GCC_WARN_UNUSED_FUNCTION = YES;
				GCC_WARN_UNUSED_VARIABLE = YES;
				IPHONEOS_DEPLOYMENT_TARGET = 18.2;
				LOCALIZATION_PREFERS_STRING_CATALOGS = YES;
				MTL_ENABLE_DEBUG_INFO = NO;
				MTL_FAST_MATH = YES;
				SDKROOT = iphoneos;
				SWIFT_COMPILATION_MODE = wholemodule;
				VALIDATE_PRODUCT = YES;
			};
			name = Release;
		};
		9ED05A942E00F12D007AE2F9 /* Debug */ = {
			isa = XCBuildConfiguration;
			buildSettings = {
				ASSETCATALOG_COMPILER_APPICON_NAME = AppIcon;
				ASSETCATALOG_COMPILER_GLOBAL_ACCENT_COLOR_NAME = AccentColor;
				CODE_SIGN_STYLE = Automatic;
				CURRENT_PROJECT_VERSION = 1;
				DEVELOPMENT_ASSET_PATHS = "\"Cinema-Tickets/Preview Content\"";
				ENABLE_PREVIEWS = YES;
				GENERATE_INFOPLIST_FILE = YES;
				INFOPLIST_KEY_UIApplicationSceneManifest_Generation = YES;
				INFOPLIST_KEY_UIApplicationSupportsIndirectInputEvents = YES;
				INFOPLIST_KEY_UILaunchScreen_Generation = YES;
				INFOPLIST_KEY_UISupportedInterfaceOrientations_iPad = "UIInterfaceOrientationPortrait UIInterfaceOrientationPortraitUpsideDown UIInterfaceOrientationLandscapeLeft UIInterfaceOrientationLandscapeRight";
				INFOPLIST_KEY_UISupportedInterfaceOrientations_iPhone = "UIInterfaceOrientationPortrait UIInterfaceOrientationLandscapeLeft UIInterfaceOrientationLandscapeRight";
				LD_RUNPATH_SEARCH_PATHS = (
					"$(inherited)",
					"@executable_path/Frameworks",
				);
				MARKETING_VERSION = 1.0;
				PRODUCT_BUNDLE_IDENTIFIER = "com.njm.Cinema-Tickets";
				PRODUCT_NAME = "$(TARGET_NAME)";
				SWIFT_EMIT_LOC_STRINGS = YES;
				SWIFT_VERSION = 5.0;
				TARGETED_DEVICE_FAMILY = "1,2";
			};
			name = Debug;
		};
		9ED05A952E00F12D007AE2F9 /* Release */ = {
			isa = XCBuildConfiguration;
			buildSettings = {
				ASSETCATALOG_COMPILER_APPICON_NAME = AppIcon;
				ASSETCATALOG_COMPILER_GLOBAL_ACCENT_COLOR_NAME = AccentColor;
				CODE_SIGN_STYLE = Automatic;
				CURRENT_PROJECT_VERSION = 1;
				DEVELOPMENT_ASSET_PATHS = "\"Cinema-Tickets/Preview Content\"";
				ENABLE_PREVIEWS = YES;
				GENERATE_INFOPLIST_FILE = YES;
				INFOPLIST_KEY_UIApplicationSceneManifest_Generation = YES;
				INFOPLIST_KEY_UIApplicationSupportsIndirectInputEvents = YES;
				INFOPLIST_KEY_UILaunchScreen_Generation = YES;
				INFOPLIST_KEY_UISupportedInterfaceOrientations_iPad = "UIInterfaceOrientationPortrait UIInterfaceOrientationPortraitUpsideDown UIInterfaceOrientationLandscapeLeft UIInterfaceOrientationLandscapeRight";
				INFOPLIST_KEY_UISupportedInterfaceOrientations_iPhone = "UIInterfaceOrientationPortrait UIInterfaceOrientationLandscapeLeft UIInterfaceOrientationLandscapeRight";
				LD_RUNPATH_SEARCH_PATHS = (
					"$(inherited)",
					"@executable_path/Frameworks",
				);
				MARKETING_VERSION = 1.0;
				PRODUCT_BUNDLE_IDENTIFIER = "com.njm.Cinema-Tickets";
				PRODUCT_NAME = "$(TARGET_NAME)";
				SWIFT_EMIT_LOC_STRINGS = YES;
				SWIFT_VERSION = 5.0;
				TARGETED_DEVICE_FAMILY = "1,2";
			};
			name = Release;
		};
		9ED05A972E00F12D007AE2F9 /* Debug */ = {
			isa = XCBuildConfiguration;
			buildSettings = {
				BUNDLE_LOADER = "$(TEST_HOST)";
				CODE_SIGN_STYLE = Automatic;
				CURRENT_PROJECT_VERSION = 1;
				GENERATE_INFOPLIST_FILE = YES;
				IPHONEOS_DEPLOYMENT_TARGET = 18.2;
				MARKETING_VERSION = 1.0;
				PRODUCT_BUNDLE_IDENTIFIER = "com.njm.Cinema-TicketsTests";
				PRODUCT_NAME = "$(TARGET_NAME)";
				SWIFT_EMIT_LOC_STRINGS = NO;
				SWIFT_VERSION = 5.0;
				TARGETED_DEVICE_FAMILY = "1,2";
				TEST_HOST = "$(BUILT_PRODUCTS_DIR)/Cinema-Tickets.app/$(BUNDLE_EXECUTABLE_FOLDER_PATH)/Cinema-Tickets";
			};
			name = Debug;
		};
		9ED05A982E00F12D007AE2F9 /* Release */ = {
			isa = XCBuildConfiguration;
			buildSettings = {
				BUNDLE_LOADER = "$(TEST_HOST)";
				CODE_SIGN_STYLE = Automatic;
				CURRENT_PROJECT_VERSION = 1;
				GENERATE_INFOPLIST_FILE = YES;
				IPHONEOS_DEPLOYMENT_TARGET = 18.2;
				MARKETING_VERSION = 1.0;
				PRODUCT_BUNDLE_IDENTIFIER = "com.njm.Cinema-TicketsTests";
				PRODUCT_NAME = "$(TARGET_NAME)";
				SWIFT_EMIT_LOC_STRINGS = NO;
				SWIFT_VERSION = 5.0;
				TARGETED_DEVICE_FAMILY = "1,2";
				TEST_HOST = "$(BUILT_PRODUCTS_DIR)/Cinema-Tickets.app/$(BUNDLE_EXECUTABLE_FOLDER_PATH)/Cinema-Tickets";
			};
			name = Release;
		};
		9ED05A9A2E00F12D007AE2F9 /* Debug */ = {
			isa = XCBuildConfiguration;
			buildSettings = {
				CODE_SIGN_STYLE = Automatic;
				CURRENT_PROJECT_VERSION = 1;
				GENERATE_INFOPLIST_FILE = YES;
				MARKETING_VERSION = 1.0;
				PRODUCT_BUNDLE_IDENTIFIER = "com.njm.Cinema-TicketsUITests";
				PRODUCT_NAME = "$(TARGET_NAME)";
				SWIFT_EMIT_LOC_STRINGS = NO;
				SWIFT_VERSION = 5.0;
				TARGETED_DEVICE_FAMILY = "1,2";
				TEST_TARGET_NAME = "Cinema-Tickets";
			};
			name = Debug;
		};
		9ED05A9B2E00F12D007AE2F9 /* Release */ = {
			isa = XCBuildConfiguration;
			buildSettings = {
				CODE_SIGN_STYLE = Automatic;
				CURRENT_PROJECT_VERSION = 1;
				GENERATE_INFOPLIST_FILE = YES;
				MARKETING_VERSION = 1.0;
				PRODUCT_BUNDLE_IDENTIFIER = "com.njm.Cinema-TicketsUITests";
				PRODUCT_NAME = "$(TARGET_NAME)";
				SWIFT_EMIT_LOC_STRINGS = NO;
				SWIFT_VERSION = 5.0;
				TARGETED_DEVICE_FAMILY = "1,2";
				TEST_TARGET_NAME = "Cinema-Tickets";
			};
			name = Release;
		};
/* End XCBuildConfiguration section */

/* Begin XCConfigurationList section */
		9ED05A6A2E00F126007AE2F9 /* Build configuration list for PBXProject "Cinema-Tickets" */ = {
			isa = XCConfigurationList;
			buildConfigurations = (
				9ED05A912E00F12D007AE2F9 /* Debug */,
				9ED05A922E00F12D007AE2F9 /* Release */,
			);
			defaultConfigurationIsVisible = 0;
			defaultConfigurationName = Release;
		};
		9ED05A932E00F12D007AE2F9 /* Build configuration list for PBXNativeTarget "Cinema-Tickets" */ = {
			isa = XCConfigurationList;
			buildConfigurations = (
				9ED05A942E00F12D007AE2F9 /* Debug */,
				9ED05A952E00F12D007AE2F9 /* Release */,
			);
			defaultConfigurationIsVisible = 0;
			defaultConfigurationName = Release;
		};
		9ED05A962E00F12D007AE2F9 /* Build configuration list for PBXNativeTarget "Cinema-TicketsTests" */ = {
			isa = XCConfigurationList;
			buildConfigurations = (
				9ED05A972E00F12D007AE2F9 /* Debug */,
				9ED05A982E00F12D007AE2F9 /* Release */,
			);
			defaultConfigurationIsVisible = 0;
			defaultConfigurationName = Release;
		};
		9ED05A992E00F12D007AE2F9 /* Build configuration list for PBXNativeTarget "Cinema-TicketsUITests" */ = {
			isa = XCConfigurationList;
			buildConfigurations = (
				9ED05A9A2E00F12D007AE2F9 /* Debug */,
				9ED05A9B2E00F12D007AE2F9 /* Release */,
			);
			defaultConfigurationIsVisible = 0;
			defaultConfigurationName = Release;
		};
/* End XCConfigurationList section */
	};
	rootObject = 9ED05A672E00F126007AE2F9 /* Project object */;
}
